
Microsoft Visual Studio Solution File, Format Version 12.00
# Visual Studio Version 16
VisualStudioVersion = 16.0.30011.22
MinimumVisualStudioVersion = 10.0.40219.1
Project("{FAE04EC0-301F-11D3-BF4B-00C04F79EFBC}") = "BlackJackConsole", "BlackJackConsole.csproj", "{C11D7172-FC4A-461D-8F9F-9DE3A4751905}"
EndProject
Global
	GlobalSection(SolutionConfigurationPlatforms) = preSolution
		Debug|Any CPU = Debug|Any CPU
		Release|Any CPU = Release|Any CPU
	EndGlobalSection
	GlobalSection(ProjectConfigurationPlatforms) = postSolution
		{C11D7172-FC4A-461D-8F9F-9DE3A4751905}.Debug|Any CPU.ActiveCfg = Debug|Any CPU
		{C11D7172-FC4A-461D-8F9F-9DE3A4751905}.Debug|Any CPU.Build.0 = Debug|Any CPU
		{C11D7172-FC4A-461D-8F9F-9DE3A4751905}.Release|Any CPU.ActiveCfg = Release|Any CPU
		{C11D7172-FC4A-461D-8F9F-9DE3A4751905}.Release|Any CPU.Build.0 = Release|Any CPU
	EndGlobalSection
	GlobalSection(SolutionProperties) = preSolution
		HideSolutionNode = FALSE
	EndGlobalSection
	GlobalSection(ExtensibilityGlobals) = postSolution
		SolutionGuid = {F8725A03-549E-4781-8454-9253D1880712}
	EndGlobalSection
EndGlobal
